
Microsoft Visual Studio Solution File, Format Version 12.00
# Visual Studio Version 17
VisualStudioVersion = 17.7.34031.279
MinimumVisualStudioVersion = 10.0.40219.1
Project("{8BC9CEB8-8B4A-11D0-8D11-00A0C91BC942}") = "2.1.1", "2.1.1.vcxproj", "{7A3F2FDA-AEB0-4555-B9EE-B2DBAE017014}"
EndProject
Global
	GlobalSection(SolutionConfigurationPlatforms) = preSolution
		Debug|x64 = Debug|x64
		Debug|x86 = Debug|x86
		Release|x64 = Release|x64
		Release|x86 = Release|x86
	EndGlobalSection
	GlobalSection(ProjectConfigurationPlatforms) = postSolution
		{7A3F2FDA-AEB0-4555-B9EE-B2DBAE017014}.Debug|x64.ActiveCfg = Debug|x64
		{7A3F2FDA-AEB0-4555-B9EE-B2DBAE017014}.Debug|x64.Build.0 = Debug|x64
		{7A3F2FDA-AEB0-4555-B9EE-B2DBAE017014}.Debug|x86.ActiveCfg = Debug|Win32
		{7A3F2FDA-AEB0-4555-B9EE-B2DBAE017014}.Debug|x86.Build.0 = Debug|Win32
		{7A3F2FDA-AEB0-4555-B9EE-B2DBAE017014}.Release|x64.ActiveCfg = Release|x64
		{7A3F2FDA-AEB0-4555-B9EE-B2DBAE017014}.Release|x64.Build.0 = Release|x64
		{7A3F2FDA-AEB0-4555-B9EE-B2DBAE017014}.Release|x86.ActiveCfg = Release|Win32
		{7A3F2FDA-AEB0-4555-B9EE-B2DBAE017014}.Release|x86.Build.0 = Release|Win32
	EndGlobalSection
	GlobalSection(SolutionProperties) = preSolution
		HideSolutionNode = FALSE
	EndGlobalSection
	GlobalSection(ExtensibilityGlobals) = postSolution
		SolutionGuid = {25BE923B-A060-4706-BB48-3181C2A730A3}
	EndGlobalSection
EndGlobal
